// !$*UTF8*$!
{
	archiveVersion = 1;
	classes = {
	};
	objectVersion = 55;
	objects = {

/* Begin PBXBuildFile section */
		1ED9A020492FE51F7B2AF0F2 /* Pods_Device_State_Test.framework in Frameworks */ = {isa = PBXBuildFile; fileRef = 7F45632F7CF9DFAE83251BF1 /* Pods_Device_State_Test.framework */; };
		308D2F5828855BA000A4AA22 /* AppDelegate.swift in Sources */ = {isa = PBXBuildFile; fileRef = 308D2F5728855BA000A4AA22 /* AppDelegate.swift */; };
		308D2F5A28855BA000A4AA22 /* SceneDelegate.swift in Sources */ = {isa = PBXBuildFile; fileRef = 308D2F5928855BA000A4AA22 /* SceneDelegate.swift */; };
		308D2F5C28855BA000A4AA22 /* ViewController.swift in Sources */ = {isa = PBXBuildFile; fileRef = 308D2F5B28855BA000A4AA22 /* ViewController.swift */; };
		308D2F5F28855BA000A4AA22 /* Main.storyboard in Resources */ = {isa = PBXBuildFile; fileRef = 308D2F5D28855BA000A4AA22 /* Main.storyboard */; };
		308D2F6228855BA000A4AA22 /* Device_State_Test.xcdatamodeld in Sources */ = {isa = PBXBuildFile; fileRef = 308D2F6028855BA000A4AA22 /* Device_State_Test.xcdatamodeld */; };
		308D2F6428855BA600A4AA22 /* Assets.xcassets in Resources */ = {isa = PBXBuildFile; fileRef = 308D2F6328855BA600A4AA22 /* Assets.xcassets */; };
		308D2F6728855BA600A4AA22 /* LaunchScreen.storyboard in Resources */ = {isa = PBXBuildFile; fileRef = 308D2F6528855BA600A4AA22 /* LaunchScreen.storyboard */; };
		308D2F7428855E8700A4AA22 /* DeviceList+CoreDataClass.swift in Sources */ = {isa = PBXBuildFile; fileRef = 308D2F7228855E8700A4AA22 /* DeviceList+CoreDataClass.swift */; };
		308D2F7528855E8700A4AA22 /* DeviceList+CoreDataProperties.swift in Sources */ = {isa = PBXBuildFile; fileRef = 308D2F7328855E8700A4AA22 /* DeviceList+CoreDataProperties.swift */; };
		308D2F77288588B600A4AA22 /* TableViewCell.swift in Sources */ = {isa = PBXBuildFile; fileRef = 308D2F76288588B600A4AA22 /* TableViewCell.swift */; };
		30F844DF288812E200794C7D /* struct.swift in Sources */ = {isa = PBXBuildFile; fileRef = 30F844DE288812E200794C7D /* struct.swift */; };
		30F844E2288818E400794C7D /* L_State+CoreDataClass.swift in Sources */ = {isa = PBXBuildFile; fileRef = 30F844E0288818E400794C7D /* L_State+CoreDataClass.swift */; };
		30F844E3288818E400794C7D /* L_State+CoreDataProperties.swift in Sources */ = {isa = PBXBuildFile; fileRef = 30F844E1288818E400794C7D /* L_State+CoreDataProperties.swift */; };
/* End PBXBuildFile section */

/* Begin PBXFileReference section */
		308D2F5428855BA000A4AA22 /* Device State Test.app */ = {isa = PBXFileReference; explicitFileType = wrapper.application; includeInIndex = 0; path = "Device State Test.app"; sourceTree = BUILT_PRODUCTS_DIR; };
		308D2F5728855BA000A4AA22 /* AppDelegate.swift */ = {isa = PBXFileReference; lastKnownFileType = sourcecode.swift; path = AppDelegate.swift; sourceTree = "<group>"; };
		308D2F5928855BA000A4AA22 /* SceneDelegate.swift */ = {isa = PBXFileReference; lastKnownFileType = sourcecode.swift; path = SceneDelegate.swift; sourceTree = "<group>"; };
		308D2F5B28855BA000A4AA22 /* ViewController.swift */ = {isa = PBXFileReference; lastKnownFileType = sourcecode.swift; path = ViewController.swift; sourceTree = "<group>"; };
		308D2F5E28855BA000A4AA22 /* Base */ = {isa = PBXFileReference; lastKnownFileType = file.storyboard; name = Base; path = Base.lproj/Main.storyboard; sourceTree = "<group>"; };
		308D2F6128855BA000A4AA22 /* Device_State_Test.xcdatamodel */ = {isa = PBXFileReference; lastKnownFileType = wrapper.xcdatamodel; path = Device_State_Test.xcdatamodel; sourceTree = "<group>"; };
		308D2F6328855BA600A4AA22 /* Assets.xcassets */ = {isa = PBXFileReference; lastKnownFileType = folder.assetcatalog; path = Assets.xcassets; sourceTree = "<group>"; };
		308D2F6628855BA600A4AA22 /* Base */ = {isa = PBXFileReference; lastKnownFileType = file.storyboard; name = Base; path = Base.lproj/LaunchScreen.storyboard; sourceTree = "<group>"; };
		308D2F6828855BA600A4AA22 /* Info.plist */ = {isa = PBXFileReference; lastKnownFileType = text.plist.xml; path = Info.plist; sourceTree = "<group>"; };
		308D2F7228855E8700A4AA22 /* DeviceList+CoreDataClass.swift */ = {isa = PBXFileReference; lastKnownFileType = sourcecode.swift; path = "DeviceList+CoreDataClass.swift"; sourceTree = SOURCE_ROOT; };
		308D2F7328855E8700A4AA22 /* DeviceList+CoreDataProperties.swift */ = {isa = PBXFileReference; lastKnownFileType = sourcecode.swift; path = "DeviceList+CoreDataProperties.swift"; sourceTree = SOURCE_ROOT; };
		308D2F76288588B600A4AA22 /* TableViewCell.swift */ = {isa = PBXFileReference; lastKnownFileType = sourcecode.swift; path = TableViewCell.swift; sourceTree = "<group>"; };
		30F844DE288812E200794C7D /* struct.swift */ = {isa = PBXFileReference; lastKnownFileType = sourcecode.swift; path = struct.swift; sourceTree = "<group>"; };
		30F844E0288818E400794C7D /* L_State+CoreDataClass.swift */ = {isa = PBXFileReference; lastKnownFileType = sourcecode.swift; path = "L_State+CoreDataClass.swift"; sourceTree = SOURCE_ROOT; };
		30F844E1288818E400794C7D /* L_State+CoreDataProperties.swift */ = {isa = PBXFileReference; lastKnownFileType = sourcecode.swift; path = "L_State+CoreDataProperties.swift"; sourceTree = SOURCE_ROOT; };
		7F45632F7CF9DFAE83251BF1 /* Pods_Device_State_Test.framework */ = {isa = PBXFileReference; explicitFileType = wrapper.framework; includeInIndex = 0; path = Pods_Device_State_Test.framework; sourceTree = BUILT_PRODUCTS_DIR; };
		88864EBD813DB8ACA708D43E /* Pods-Device State Test.release.xcconfig */ = {isa = PBXFileReference; includeInIndex = 1; lastKnownFileType = text.xcconfig; name = "Pods-Device State Test.release.xcconfig"; path = "Target Support Files/Pods-Device State Test/Pods-Device State Test.release.xcconfig"; sourceTree = "<group>"; };
		B256E2BF0378E1F1F33F97E4 /* Pods-Device State Test.debug.xcconfig */ = {isa = PBXFileReference; includeInIndex = 1; lastKnownFileType = text.xcconfig; name = "Pods-Device State Test.debug.xcconfig"; path = "Target Support Files/Pods-Device State Test/Pods-Device State Test.debug.xcconfig"; sourceTree = "<group>"; };
/* End PBXFileReference section */

/* Begin PBXFrameworksBuildPhase section */
		308D2F5128855BA000A4AA22 /* Frameworks */ = {
			isa = PBXFrameworksBuildPhase;
			buildActionMask = 2147483647;
			files = (
				1ED9A020492FE51F7B2AF0F2 /* Pods_Device_State_Test.framework in Frameworks */,
			);
			runOnlyForDeploymentPostprocessing = 0;
		};
/* End PBXFrameworksBuildPhase section */

/* Begin PBXGroup section */
		308D2F4B28855BA000A4AA22 = {
			isa = PBXGroup;
			children = (
				308D2F5628855BA000A4AA22 /* Device State Test */,
				308D2F5528855BA000A4AA22 /* Products */,
				C91A022C1F95604717FC01B3 /* Pods */,
				8A0A814A35AC080D6F4ACC83 /* Frameworks */,
			);
			sourceTree = "<group>";
		};
		308D2F5528855BA000A4AA22 /* Products */ = {
			isa = PBXGroup;
			children = (
				308D2F5428855BA000A4AA22 /* Device State Test.app */,
			);
			name = Products;
			sourceTree = "<group>";
		};
		308D2F5628855BA000A4AA22 /* Device State Test */ = {
			isa = PBXGroup;
			children = (
				30F844E0288818E400794C7D /* L_State+CoreDataClass.swift */,
				30F844E1288818E400794C7D /* L_State+CoreDataProperties.swift */,
				308D2F7228855E8700A4AA22 /* DeviceList+CoreDataClass.swift */,
				308D2F7328855E8700A4AA22 /* DeviceList+CoreDataProperties.swift */,
				308D2F5728855BA000A4AA22 /* AppDelegate.swift */,
				308D2F5928855BA000A4AA22 /* SceneDelegate.swift */,
				308D2F5B28855BA000A4AA22 /* ViewController.swift */,
				30F844DE288812E200794C7D /* struct.swift */,
				308D2F5D28855BA000A4AA22 /* Main.storyboard */,
				308D2F76288588B600A4AA22 /* TableViewCell.swift */,
				308D2F6328855BA600A4AA22 /* Assets.xcassets */,
				308D2F6528855BA600A4AA22 /* LaunchScreen.storyboard */,
				308D2F6828855BA600A4AA22 /* Info.plist */,
				308D2F6028855BA000A4AA22 /* Device_State_Test.xcdatamodeld */,
			);
			path = "Device State Test";
			sourceTree = "<group>";
		};
		8A0A814A35AC080D6F4ACC83 /* Frameworks */ = {
			isa = PBXGroup;
			children = (
				7F45632F7CF9DFAE83251BF1 /* Pods_Device_State_Test.framework */,
			);
			name = Frameworks;
			sourceTree = "<group>";
		};
		C91A022C1F95604717FC01B3 /* Pods */ = {
			isa = PBXGroup;
			children = (
				B256E2BF0378E1F1F33F97E4 /* Pods-Device State Test.debug.xcconfig */,
				88864EBD813DB8ACA708D43E /* Pods-Device State Test.release.xcconfig */,
			);
			path = Pods;
			sourceTree = "<group>";
		};
/* End PBXGroup section */

/* Begin PBXNativeTarget section */
		308D2F5328855BA000A4AA22 /* Device State Test */ = {
			isa = PBXNativeTarget;
			buildConfigurationList = 308D2F6B28855BA600A4AA22 /* Build configuration list for PBXNativeTarget "Device State Test" */;
			buildPhases = (
				73E22E34173DDF9279040F04 /* [CP] Check Pods Manifest.lock */,
				308D2F5028855BA000A4AA22 /* Sources */,
				308D2F5128855BA000A4AA22 /* Frameworks */,
				308D2F5228855BA000A4AA22 /* Resources */,
				2F94533DC479D880EA05A494 /* [CP] Embed Pods Frameworks */,
			);
			buildRules = (
			);
			dependencies = (
			);
			name = "Device State Test";
			productName = "Device State Test";
			productReference = 308D2F5428855BA000A4AA22 /* Device State Test.app */;
			productType = "com.apple.product-type.application";
		};
/* End PBXNativeTarget section */

/* Begin PBXProject section */
		308D2F4C28855BA000A4AA22 /* Project object */ = {
			isa = PBXProject;
			attributes = {
				BuildIndependentTargetsInParallel = 1;
				LastSwiftUpdateCheck = 1340;
				LastUpgradeCheck = 1340;
				TargetAttributes = {
					308D2F5328855BA000A4AA22 = {
						CreatedOnToolsVersion = 13.4.1;
					};
				};
			};
			buildConfigurationList = 308D2F4F28855BA000A4AA22 /* Build configuration list for PBXProject "Device State Test" */;
			compatibilityVersion = "Xcode 13.0";
			developmentRegion = en;
			hasScannedForEncodings = 0;
			knownRegions = (
				en,
				Base,
			);
			mainGroup = 308D2F4B28855BA000A4AA22;
			productRefGroup = 308D2F5528855BA000A4AA22 /* Products */;
			projectDirPath = "";
			projectRoot = "";
			targets = (
				308D2F5328855BA000A4AA22 /* Device State Test */,
			);
		};
/* End PBXProject section */

/* Begin PBXResourcesBuildPhase section */
		308D2F5228855BA000A4AA22 /* Resources */ = {
			isa = PBXResourcesBuildPhase;
			buildActionMask = 2147483647;
			files = (
				308D2F6728855BA600A4AA22 /* LaunchScreen.storyboard in Resources */,
				308D2F6428855BA600A4AA22 /* Assets.xcassets in Resources */,
				308D2F5F28855BA000A4AA22 /* Main.storyboard in Resources */,
			);
			runOnlyForDeploymentPostprocessing = 0;
		};
/* End PBXResourcesBuildPhase section */

/* Begin PBXShellScriptBuildPhase section */
		2F94533DC479D880EA05A494 /* [CP] Embed Pods Frameworks */ = {
			isa = PBXShellScriptBuildPhase;
			buildActionMask = 2147483647;
			files = (
			);
			inputFileListPaths = (
				"${PODS_ROOT}/Target Support Files/Pods-Device State Test/Pods-Device State Test-frameworks-${CONFIGURATION}-input-files.xcfilelist",
			);
			name = "[CP] Embed Pods Frameworks";
			outputFileListPaths = (
				"${PODS_ROOT}/Target Support Files/Pods-Device State Test/Pods-Device State Test-frameworks-${CONFIGURATION}-output-files.xcfilelist",
			);
			runOnlyForDeploymentPostprocessing = 0;
			shellPath = /bin/sh;
			shellScript = "\"${PODS_ROOT}/Target Support Files/Pods-Device State Test/Pods-Device State Test-frameworks.sh\"\n";
			showEnvVarsInLog = 0;
		};
		73E22E34173DDF9279040F04 /* [CP] Check Pods Manifest.lock */ = {
			isa = PBXShellScriptBuildPhase;
			buildActionMask = 2147483647;
			files = (
			);
			inputFileListPaths = (
			);
			inputPaths = (
				"${PODS_PODFILE_DIR_PATH}/Podfile.lock",
				"${PODS_ROOT}/Manifest.lock",
			);
			name = "[CP] Check Pods Manifest.lock";
			outputFileListPaths = (
			);
			outputPaths = (
				"$(DERIVED_FILE_DIR)/Pods-Device State Test-checkManifestLockResult.txt",
			);
			runOnlyForDeploymentPostprocessing = 0;
			shellPath = /bin/sh;
			shellScript = "diff \"${PODS_PODFILE_DIR_PATH}/Podfile.lock\" \"${PODS_ROOT}/Manifest.lock\" > /dev/null\nif [ $? != 0 ] ; then\n    # print error to STDERR\n    echo \"error: The sandbox is not in sync with the Podfile.lock. Run 'pod install' or update your CocoaPods installation.\" >&2\n    exit 1\nfi\n# This output is used by Xcode 'outputs' to avoid re-running this script phase.\necho \"SUCCESS\" > \"${SCRIPT_OUTPUT_FILE_0}\"\n";
			showEnvVarsInLog = 0;
		};
/* End PBXShellScriptBuildPhase section */

/* Begin PBXSourcesBuildPhase section */
		308D2F5028855BA000A4AA22 /* Sources */ = {
			isa = PBXSourcesBuildPhase;
			buildActionMask = 2147483647;
			files = (
				308D2F5C28855BA000A4AA22 /* ViewController.swift in Sources */,
				30F844E2288818E400794C7D /* L_State+CoreDataClass.swift in Sources */,
				308D2F7428855E8700A4AA22 /* DeviceList+CoreDataClass.swift in Sources */,
				308D2F6228855BA000A4AA22 /* Device_State_Test.xcdatamodeld in Sources */,
				308D2F5828855BA000A4AA22 /* AppDelegate.swift in Sources */,
				308D2F5A28855BA000A4AA22 /* SceneDelegate.swift in Sources */,
				308D2F77288588B600A4AA22 /* TableViewCell.swift in Sources */,
				30F844DF288812E200794C7D /* struct.swift in Sources */,
				30F844E3288818E400794C7D /* L_State+CoreDataProperties.swift in Sources */,
				308D2F7528855E8700A4AA22 /* DeviceList+CoreDataProperties.swift in Sources */,
			);
			runOnlyForDeploymentPostprocessing = 0;
		};
/* End PBXSourcesBuildPhase section */

/* Begin PBXVariantGroup section */
		308D2F5D28855BA000A4AA22 /* Main.storyboard */ = {
			isa = PBXVariantGroup;
			children = (
				308D2F5E28855BA000A4AA22 /* Base */,
			);
			name = Main.storyboard;
			sourceTree = "<group>";
		};
		308D2F6528855BA600A4AA22 /* LaunchScreen.storyboard */ = {
			isa = PBXVariantGroup;
			children = (
				308D2F6628855BA600A4AA22 /* Base */,
			);
			name = LaunchScreen.storyboard;
			sourceTree = "<group>";
		};
/* End PBXVariantGroup section */

/* Begin XCBuildConfiguration section */
		308D2F6928855BA600A4AA22 /* Debug */ = {
			isa = XCBuildConfiguration;
			buildSettings = {
				ALWAYS_SEARCH_USER_PATHS = NO;
				CLANG_ANALYZER_NONNULL = YES;
				CLANG_ANALYZER_NUMBER_OBJECT_CONVERSION = YES_AGGRESSIVE;
				CLANG_CXX_LANGUAGE_STANDARD = "gnu++17";
				CLANG_ENABLE_MODULES = YES;
				CLANG_ENABLE_OBJC_ARC = YES;
				CLANG_ENABLE_OBJC_WEAK = YES;
				CLANG_WARN_BLOCK_CAPTURE_AUTORELEASING = YES;
				CLANG_WARN_BOOL_CONVERSION = YES;
				CLANG_WARN_COMMA = YES;
				CLANG_WARN_CONSTANT_CONVERSION = YES;
				CLANG_WARN_DEPRECATED_OBJC_IMPLEMENTATIONS = YES;
				CLANG_WARN_DIRECT_OBJC_ISA_USAGE = YES_ERROR;
				CLANG_WARN_DOCUMENTATION_COMMENTS = YES;
				CLANG_WARN_EMPTY_BODY = YES;
				CLANG_WARN_ENUM_CONVERSION = YES;
				CLANG_WARN_INFINITE_RECURSION = YES;
				CLANG_WARN_INT_CONVERSION = YES;
				CLANG_WARN_NON_LITERAL_NULL_CONVERSION = YES;
				CLANG_WARN_OBJC_IMPLICIT_RETAIN_SELF = YES;
				CLANG_WARN_OBJC_LITERAL_CONVERSION = YES;
				CLANG_WARN_OBJC_ROOT_CLASS = YES_ERROR;
				CLANG_WARN_QUOTED_INCLUDE_IN_FRAMEWORK_HEADER = YES;
				CLANG_WARN_RANGE_LOOP_ANALYSIS = YES;
				CLANG_WARN_STRICT_PROTOTYPES = YES;
				CLANG_WARN_SUSPICIOUS_MOVE = YES;
				CLANG_WARN_UNGUARDED_AVAILABILITY = YES_AGGRESSIVE;
				CLANG_WARN_UNREACHABLE_CODE = YES;
				CLANG_WARN__DUPLICATE_METHOD_MATCH = YES;
				COPY_PHASE_STRIP = NO;
				DEBUG_INFORMATION_FORMAT = dwarf;
				ENABLE_STRICT_OBJC_MSGSEND = YES;
				ENABLE_TESTABILITY = YES;
				GCC_C_LANGUAGE_STANDARD = gnu11;
				GCC_DYNAMIC_NO_PIC = NO;
				GCC_NO_COMMON_BLOCKS = YES;
				GCC_OPTIMIZATION_LEVEL = 0;
				GCC_PREPROCESSOR_DEFINITIONS = (
					"DEBUG=1",
					"$(inherited)",
				);
				GCC_WARN_64_TO_32_BIT_CONVERSION = YES;
				GCC_WARN_ABOUT_RETURN_TYPE = YES_ERROR;
				GCC_WARN_UNDECLARED_SELECTOR = YES;
				GCC_WARN_UNINITIALIZED_AUTOS = YES_AGGRESSIVE;
				GCC_WARN_UNUSED_FUNCTION = YES;
				GCC_WARN_UNUSED_VARIABLE = YES;
				IPHONEOS_DEPLOYMENT_TARGET = 15.5;
				MTL_ENABLE_DEBUG_INFO = INCLUDE_SOURCE;
				MTL_FAST_MATH = YES;
				ONLY_ACTIVE_ARCH = YES;
				SDKROOT = iphoneos;
				SWIFT_ACTIVE_COMPILATION_CONDITIONS = DEBUG;
				SWIFT_OPTIMIZATION_LEVEL = "-Onone";
			};
			name = Debug;
		};
		308D2F6A28855BA600A4AA22 /* Release */ = {
			isa = XCBuildConfiguration;
			buildSettings = {
				ALWAYS_SEARCH_USER_PATHS = NO;
				CLANG_ANALYZER_NONNULL = YES;
				CLANG_ANALYZER_NUMBER_OBJECT_CONVERSION = YES_AGGRESSIVE;
				CLANG_CXX_LANGUAGE_STANDARD = "gnu++17";
				CLANG_ENABLE_MODULES = YES;
				CLANG_ENABLE_OBJC_ARC = YES;
				CLANG_ENABLE_OBJC_WEAK = YES;
				CLANG_WARN_BLOCK_CAPTURE_AUTORELEASING = YES;
				CLANG_WARN_BOOL_CONVERSION = YES;
				CLANG_WARN_COMMA = YES;
				CLANG_WARN_CONSTANT_CONVERSION = YES;
				CLANG_WARN_DEPRECATED_OBJC_IMPLEMENTATIONS = YES;
				CLANG_WARN_DIRECT_OBJC_ISA_USAGE = YES_ERROR;
				CLANG_WARN_DOCUMENTATION_COMMENTS = YES;
				CLANG_WARN_EMPTY_BODY = YES;
				CLANG_WARN_ENUM_CONVERSION = YES;
				CLANG_WARN_INFINITE_RECURSION = YES;
				CLANG_WARN_INT_CONVERSION = YES;
				CLANG_WARN_NON_LITERAL_NULL_CONVERSION = YES;
				CLANG_WARN_OBJC_IMPLICIT_RETAIN_SELF = YES;
				CLANG_WARN_OBJC_LITERAL_CONVERSION = YES;
				CLANG_WARN_OBJC_ROOT_CLASS = YES_ERROR;
				CLANG_WARN_QUOTED_INCLUDE_IN_FRAMEWORK_HEADER = YES;
				CLANG_WARN_RANGE_LOOP_ANALYSIS = YES;
				CLANG_WARN_STRICT_PROTOTYPES = YES;
				CLANG_WARN_SUSPICIOUS_MOVE = YES;
				CLANG_WARN_UNGUARDED_AVAILABILITY = YES_AGGRESSIVE;
				CLANG_WARN_UNREACHABLE_CODE = YES;
				CLANG_WARN__DUPLICATE_METHOD_MATCH = YES;
				COPY_PHASE_STRIP = NO;
				DEBUG_INFORMATION_FORMAT = "dwarf-with-dsym";
				ENABLE_NS_ASSERTIONS = NO;
				ENABLE_STRICT_OBJC_MSGSEND = YES;
				GCC_C_LANGUAGE_STANDARD = gnu11;
				GCC_NO_COMMON_BLOCKS = YES;
				GCC_WARN_64_TO_32_BIT_CONVERSION = YES;
				GCC_WARN_ABOUT_RETURN_TYPE = YES_ERROR;
				GCC_WARN_UNDECLARED_SELECTOR = YES;
				GCC_WARN_UNINITIALIZED_AUTOS = YES_AGGRESSIVE;
				GCC_WARN_UNUSED_FUNCTION = YES;
				GCC_WARN_UNUSED_VARIABLE = YES;
				IPHONEOS_DEPLOYMENT_TARGET = 15.5;
				MTL_ENABLE_DEBUG_INFO = NO;
				MTL_FAST_MATH = YES;
				SDKROOT = iphoneos;
				SWIFT_COMPILATION_MODE = wholemodule;
				SWIFT_OPTIMIZATION_LEVEL = "-O";
				VALIDATE_PRODUCT = YES;
			};
			name = Release;
		};
		308D2F6C28855BA600A4AA22 /* Debug */ = {
			isa = XCBuildConfiguration;
			baseConfigurationReference = B256E2BF0378E1F1F33F97E4 /* Pods-Device State Test.debug.xcconfig */;
			buildSettings = {
				ASSETCATALOG_COMPILER_APPICON_NAME = AppIcon;
				ASSETCATALOG_COMPILER_GLOBAL_ACCENT_COLOR_NAME = AccentColor;
				CODE_SIGN_STYLE = Automatic;
				CURRENT_PROJECT_VERSION = 1;
				DEVELOPMENT_TEAM = 9A2A49DNMZ;
				GENERATE_INFOPLIST_FILE = YES;
				INFOPLIST_FILE = "Device State Test/Info.plist";
				INFOPLIST_KEY_UIApplicationSupportsIndirectInputEvents = YES;
				INFOPLIST_KEY_UILaunchStoryboardName = LaunchScreen;
				INFOPLIST_KEY_UIMainStoryboardFile = Main;
				INFOPLIST_KEY_UISupportedInterfaceOrientations_iPad = "UIInterfaceOrientationPortrait UIInterfaceOrientationPortraitUpsideDown UIInterfaceOrientationLandscapeLeft UIInterfaceOrientationLandscapeRight";
				INFOPLIST_KEY_UISupportedInterfaceOrientations_iPhone = "UIInterfaceOrientationPortrait UIInterfaceOrientationLandscapeLeft UIInterfaceOrientationLandscapeRight";
				LD_RUNPATH_SEARCH_PATHS = (
					"$(inherited)",
					"@executable_path/Frameworks",
				);
				MARKETING_VERSION = 1.0;
				PRODUCT_BUNDLE_IDENTIFIER = "Mohit-Andhare.Device-State-Test";
				PRODUCT_NAME = "$(TARGET_NAME)";
				SWIFT_EMIT_LOC_STRINGS = YES;
				SWIFT_VERSION = 5.0;
				TARGETED_DEVICE_FAMILY = "1,2";
			};
			name = Debug;
		};
		308D2F6D28855BA600A4AA22 /* Release */ = {
			isa = XCBuildConfiguration;
			baseConfigurationReference = 88864EBD813DB8ACA708D43E /* Pods-Device State Test.release.xcconfig */;
			buildSettings = {
				ASSETCATALOG_COMPILER_APPICON_NAME = AppIcon;
				ASSETCATALOG_COMPILER_GLOBAL_ACCENT_COLOR_NAME = AccentColor;
				CODE_SIGN_STYLE = Automatic;
				CURRENT_PROJECT_VERSION = 1;
				DEVELOPMENT_TEAM = 9A2A49DNMZ;
				GENERATE_INFOPLIST_FILE = YES;
				INFOPLIST_FILE = "Device State Test/Info.plist";
				INFOPLIST_KEY_UIApplicationSupportsIndirectInputEvents = YES;
				INFOPLIST_KEY_UILaunchStoryboardName = LaunchScreen;
				INFOPLIST_KEY_UIMainStoryboardFile = Main;
				INFOPLIST_KEY_UISupportedInterfaceOrientations_iPad = "UIInterfaceOrientationPortrait UIInterfaceOrientationPortraitUpsideDown UIInterfaceOrientationLandscapeLeft UIInterfaceOrientationLandscapeRight";
				INFOPLIST_KEY_UISupportedInterfaceOrientations_iPhone = "UIInterfaceOrientationPortrait UIInterfaceOrientationLandscapeLeft UIInterfaceOrientationLandscapeRight";
				LD_RUNPATH_SEARCH_PATHS = (
					"$(inherited)",
					"@executable_path/Frameworks",
				);
				MARKETING_VERSION = 1.0;
				PRODUCT_BUNDLE_IDENTIFIER = "Mohit-Andhare.Device-State-Test";
				PRODUCT_NAME = "$(TARGET_NAME)";
				SWIFT_EMIT_LOC_STRINGS = YES;
				SWIFT_VERSION = 5.0;
				TARGETED_DEVICE_FAMILY = "1,2";
			};
			name = Release;
		};
/* End XCBuildConfiguration section */

/* Begin XCConfigurationList section */
		308D2F4F28855BA000A4AA22 /* Build configuration list for PBXProject "Device State Test" */ = {
			isa = XCConfigurationList;
			buildConfigurations = (
				308D2F6928855BA600A4AA22 /* Debug */,
				308D2F6A28855BA600A4AA22 /* Release */,
			);
			defaultConfigurationIsVisible = 0;
			defaultConfigurationName = Release;
		};
		308D2F6B28855BA600A4AA22 /* Build configuration list for PBXNativeTarget "Device State Test" */ = {
			isa = XCConfigurationList;
			buildConfigurations = (
				308D2F6C28855BA600A4AA22 /* Debug */,
				308D2F6D28855BA600A4AA22 /* Release */,
			);
			defaultConfigurationIsVisible = 0;
			defaultConfigurationName = Release;
		};
/* End XCConfigurationList section */

/* Begin XCVersionGroup section */
		308D2F6028855BA000A4AA22 /* Device_State_Test.xcdatamodeld */ = {
			isa = XCVersionGroup;
			children = (
				308D2F6128855BA000A4AA22 /* Device_State_Test.xcdatamodel */,
			);
			currentVersion = 308D2F6128855BA000A4AA22 /* Device_State_Test.xcdatamodel */;
			path = Device_State_Test.xcdatamodeld;
			sourceTree = "<group>";
			versionGroupType = wrapper.xcdatamodel;
		};
/* End XCVersionGroup section */
	};
	rootObject = 308D2F4C28855BA000A4AA22 /* Project object */;
}
